
Microsoft Visual Studio Solution File, Format Version 12.00
# Visual Studio 2012
Project("{FAE04EC0-301F-11D3-BF4B-00C04F79EFBC}") = "SEProject", "SEProject\SEProject.csproj", "{1ACEB867-2C7C-409C-B06D-7E19B487969A}"
EndProject
Project("{FAE04EC0-301F-11D3-BF4B-00C04F79EFBC}") = "SEProject.Tests", "SEProject.Tests\SEProject.Tests.csproj", "{F7228A59-251A-4C3C-8964-C83B6C50B2D7}"
EndProject
Global
	GlobalSection(SolutionConfigurationPlatforms) = preSolution
		Debug|Any CPU = Debug|Any CPU
		Release|Any CPU = Release|Any CPU
	EndGlobalSection
	GlobalSection(ProjectConfigurationPlatforms) = postSolution
		{1ACEB867-2C7C-409C-B06D-7E19B487969A}.Debug|Any CPU.ActiveCfg = Debug|Any CPU
		{1ACEB867-2C7C-409C-B06D-7E19B487969A}.Debug|Any CPU.Build.0 = Debug|Any CPU
		{1ACEB867-2C7C-409C-B06D-7E19B487969A}.Release|Any CPU.ActiveCfg = Release|Any CPU
		{1ACEB867-2C7C-409C-B06D-7E19B487969A}.Release|Any CPU.Build.0 = Release|Any CPU
		{F7228A59-251A-4C3C-8964-C83B6C50B2D7}.Debug|Any CPU.ActiveCfg = Debug|Any CPU
		{F7228A59-251A-4C3C-8964-C83B6C50B2D7}.Debug|Any CPU.Build.0 = Debug|Any CPU
		{F7228A59-251A-4C3C-8964-C83B6C50B2D7}.Release|Any CPU.ActiveCfg = Release|Any CPU
		{F7228A59-251A-4C3C-8964-C83B6C50B2D7}.Release|Any CPU.Build.0 = Release|Any CPU
	EndGlobalSection
	GlobalSection(SolutionProperties) = preSolution
		HideSolutionNode = FALSE
	EndGlobalSection
EndGlobal
